
Microsoft Visual Studio Solution File, Format Version 12.00
# Visual Studio Version 17
VisualStudioVersion = 17.4.33403.182
MinimumVisualStudioVersion = 10.0.40219.1
Project("{FAE04EC0-301F-11D3-BF4B-00C04F79EFBC}") = "Agenda_C", "Agenda_C\Agenda_C.csproj", "{CEBECDB4-BFFA-4BA0-BA80-BFAD35F9BDC4}"
EndProject
Global
	GlobalSection(SolutionConfigurationPlatforms) = preSolution
		Debug|Any CPU = Debug|Any CPU
		Release|Any CPU = Release|Any CPU
	EndGlobalSection
	GlobalSection(ProjectConfigurationPlatforms) = postSolution
		{CEBECDB4-BFFA-4BA0-BA80-BFAD35F9BDC4}.Debug|Any CPU.ActiveCfg = Debug|Any CPU
		{CEBECDB4-BFFA-4BA0-BA80-BFAD35F9BDC4}.Debug|Any CPU.Build.0 = Debug|Any CPU
		{CEBECDB4-BFFA-4BA0-BA80-BFAD35F9BDC4}.Release|Any CPU.ActiveCfg = Release|Any CPU
		{CEBECDB4-BFFA-4BA0-BA80-BFAD35F9BDC4}.Release|Any CPU.Build.0 = Release|Any CPU
	EndGlobalSection
	GlobalSection(SolutionProperties) = preSolution
		HideSolutionNode = FALSE
	EndGlobalSection
	GlobalSection(ExtensibilityGlobals) = postSolution
		SolutionGuid = {6681CCD1-D161-4F3F-85C4-B04D45D8628C}
	EndGlobalSection
EndGlobal
